// !$*UTF8*$!
{
	archiveVersion = 1;
	classes = {
	};
	objectVersion = 50;
	objects = {

/* Begin PBXBuildFile section */
		D8B0E53821CD6AC00005B871 /* AppDelegate.swift in Sources */ = {isa = PBXBuildFile; fileRef = D8B0E53721CD6AC00005B871 /* AppDelegate.swift */; };
		D8B0E53A21CD6AC00005B871 /* UserListViewController.swift in Sources */ = {isa = PBXBuildFile; fileRef = D8B0E53921CD6AC00005B871 /* UserListViewController.swift */; };
		D8B0E54021CD6AC00005B871 /* RandomUser.xcdatamodeld in Sources */ = {isa = PBXBuildFile; fileRef = D8B0E53E21CD6AC00005B871 /* RandomUser.xcdatamodeld */; };
		D8B0E54221CD6AC20005B871 /* Assets.xcassets in Resources */ = {isa = PBXBuildFile; fileRef = D8B0E54121CD6AC20005B871 /* Assets.xcassets */; };
		D8B0E54521CD6AC20005B871 /* LaunchScreen.storyboard in Resources */ = {isa = PBXBuildFile; fileRef = D8B0E54321CD6AC20005B871 /* LaunchScreen.storyboard */; };
		D8B0E55021CD6AC20005B871 /* RandomUserTests.swift in Sources */ = {isa = PBXBuildFile; fileRef = D8B0E54F21CD6AC20005B871 /* RandomUserTests.swift */; };
		D8B0E55B21CD6AC20005B871 /* RandomUserUITests.swift in Sources */ = {isa = PBXBuildFile; fileRef = D8B0E55A21CD6AC20005B871 /* RandomUserUITests.swift */; };
/* End PBXBuildFile section */

/* Begin PBXContainerItemProxy section */
		D8B0E54C21CD6AC20005B871 /* PBXContainerItemProxy */ = {
			isa = PBXContainerItemProxy;
			containerPortal = D8B0E52C21CD6AC00005B871 /* Project object */;
			proxyType = 1;
			remoteGlobalIDString = D8B0E53321CD6AC00005B871;
			remoteInfo = RandomUser;
		};
		D8B0E55721CD6AC20005B871 /* PBXContainerItemProxy */ = {
			isa = PBXContainerItemProxy;
			containerPortal = D8B0E52C21CD6AC00005B871 /* Project object */;
			proxyType = 1;
			remoteGlobalIDString = D8B0E53321CD6AC00005B871;
			remoteInfo = RandomUser;
		};
/* End PBXContainerItemProxy section */

/* Begin PBXFileReference section */
		D8B0E53421CD6AC00005B871 /* RandomUser.app */ = {isa = PBXFileReference; explicitFileType = wrapper.application; includeInIndex = 0; path = RandomUser.app; sourceTree = BUILT_PRODUCTS_DIR; };
		D8B0E53721CD6AC00005B871 /* AppDelegate.swift */ = {isa = PBXFileReference; lastKnownFileType = sourcecode.swift; path = AppDelegate.swift; sourceTree = "<group>"; };
		D8B0E53921CD6AC00005B871 /* UserListViewController.swift */ = {isa = PBXFileReference; lastKnownFileType = sourcecode.swift; path = UserListViewController.swift; sourceTree = "<group>"; };
		D8B0E53F21CD6AC00005B871 /* RandomUser.xcdatamodel */ = {isa = PBXFileReference; lastKnownFileType = wrapper.xcdatamodel; path = RandomUser.xcdatamodel; sourceTree = "<group>"; };
		D8B0E54121CD6AC20005B871 /* Assets.xcassets */ = {isa = PBXFileReference; lastKnownFileType = folder.assetcatalog; path = Assets.xcassets; sourceTree = "<group>"; };
		D8B0E54421CD6AC20005B871 /* Base */ = {isa = PBXFileReference; lastKnownFileType = file.storyboard; name = Base; path = Base.lproj/LaunchScreen.storyboard; sourceTree = "<group>"; };
		D8B0E54621CD6AC20005B871 /* Info.plist */ = {isa = PBXFileReference; lastKnownFileType = text.plist.xml; path = Info.plist; sourceTree = "<group>"; };
		D8B0E54B21CD6AC20005B871 /* RandomUserTests.xctest */ = {isa = PBXFileReference; explicitFileType = wrapper.cfbundle; includeInIndex = 0; path = RandomUserTests.xctest; sourceTree = BUILT_PRODUCTS_DIR; };
		D8B0E54F21CD6AC20005B871 /* RandomUserTests.swift */ = {isa = PBXFileReference; lastKnownFileType = sourcecode.swift; path = RandomUserTests.swift; sourceTree = "<group>"; };
		D8B0E55121CD6AC20005B871 /* Info.plist */ = {isa = PBXFileReference; lastKnownFileType = text.plist.xml; path = Info.plist; sourceTree = "<group>"; };
		D8B0E55621CD6AC20005B871 /* RandomUserUITests.xctest */ = {isa = PBXFileReference; explicitFileType = wrapper.cfbundle; includeInIndex = 0; path = RandomUserUITests.xctest; sourceTree = BUILT_PRODUCTS_DIR; };
		D8B0E55A21CD6AC20005B871 /* RandomUserUITests.swift */ = {isa = PBXFileReference; lastKnownFileType = sourcecode.swift; path = RandomUserUITests.swift; sourceTree = "<group>"; };
		D8B0E55C21CD6AC20005B871 /* Info.plist */ = {isa = PBXFileReference; lastKnownFileType = text.plist.xml; path = Info.plist; sourceTree = "<group>"; };
/* End PBXFileReference section */

/* Begin PBXFrameworksBuildPhase section */
		D8B0E53121CD6AC00005B871 /* Frameworks */ = {
			isa = PBXFrameworksBuildPhase;
			buildActionMask = 2147483647;
			files = (
			);
			runOnlyForDeploymentPostprocessing = 0;
		};
		D8B0E54821CD6AC20005B871 /* Frameworks */ = {
			isa = PBXFrameworksBuildPhase;
			buildActionMask = 2147483647;
			files = (
			);
			runOnlyForDeploymentPostprocessing = 0;
		};
		D8B0E55321CD6AC20005B871 /* Frameworks */ = {
			isa = PBXFrameworksBuildPhase;
			buildActionMask = 2147483647;
			files = (
			);
			runOnlyForDeploymentPostprocessing = 0;
		};
/* End PBXFrameworksBuildPhase section */

/* Begin PBXGroup section */
		D8B0E52B21CD6AC00005B871 = {
			isa = PBXGroup;
			children = (
				D8B0E53621CD6AC00005B871 /* RandomUser */,
				D8B0E54E21CD6AC20005B871 /* RandomUserTests */,
				D8B0E55921CD6AC20005B871 /* RandomUserUITests */,
				D8B0E53521CD6AC00005B871 /* Products */,
			);
			sourceTree = "<group>";
		};
		D8B0E53521CD6AC00005B871 /* Products */ = {
			isa = PBXGroup;
			children = (
				D8B0E53421CD6AC00005B871 /* RandomUser.app */,
				D8B0E54B21CD6AC20005B871 /* RandomUserTests.xctest */,
				D8B0E55621CD6AC20005B871 /* RandomUserUITests.xctest */,
			);
			name = Products;
			sourceTree = "<group>";
		};
		D8B0E53621CD6AC00005B871 /* RandomUser */ = {
			isa = PBXGroup;
			children = (
				D8B0E53721CD6AC00005B871 /* AppDelegate.swift */,
				D8B0E53921CD6AC00005B871 /* UserListViewController.swift */,
				D8B0E54121CD6AC20005B871 /* Assets.xcassets */,
				D8B0E54321CD6AC20005B871 /* LaunchScreen.storyboard */,
				D8B0E54621CD6AC20005B871 /* Info.plist */,
				D8B0E53E21CD6AC00005B871 /* RandomUser.xcdatamodeld */,
			);
			path = RandomUser;
			sourceTree = "<group>";
		};
		D8B0E54E21CD6AC20005B871 /* RandomUserTests */ = {
			isa = PBXGroup;
			children = (
				D8B0E54F21CD6AC20005B871 /* RandomUserTests.swift */,
				D8B0E55121CD6AC20005B871 /* Info.plist */,
			);
			path = RandomUserTests;
			sourceTree = "<group>";
		};
		D8B0E55921CD6AC20005B871 /* RandomUserUITests */ = {
			isa = PBXGroup;
			children = (
				D8B0E55A21CD6AC20005B871 /* RandomUserUITests.swift */,
				D8B0E55C21CD6AC20005B871 /* Info.plist */,
			);
			path = RandomUserUITests;
			sourceTree = "<group>";
		};
/* End PBXGroup section */

/* Begin PBXNativeTarget section */
		D8B0E53321CD6AC00005B871 /* RandomUser */ = {
			isa = PBXNativeTarget;
			buildConfigurationList = D8B0E55F21CD6AC20005B871 /* Build configuration list for PBXNativeTarget "RandomUser" */;
			buildPhases = (
				D8B0E53021CD6AC00005B871 /* Sources */,
				D8B0E53121CD6AC00005B871 /* Frameworks */,
				D8B0E53221CD6AC00005B871 /* Resources */,
			);
			buildRules = (
			);
			dependencies = (
			);
			name = RandomUser;
			productName = RandomUser;
			productReference = D8B0E53421CD6AC00005B871 /* RandomUser.app */;
			productType = "com.apple.product-type.application";
		};
		D8B0E54A21CD6AC20005B871 /* RandomUserTests */ = {
			isa = PBXNativeTarget;
			buildConfigurationList = D8B0E56221CD6AC20005B871 /* Build configuration list for PBXNativeTarget "RandomUserTests" */;
			buildPhases = (
				D8B0E54721CD6AC20005B871 /* Sources */,
				D8B0E54821CD6AC20005B871 /* Frameworks */,
				D8B0E54921CD6AC20005B871 /* Resources */,
			);
			buildRules = (
			);
			dependencies = (
				D8B0E54D21CD6AC20005B871 /* PBXTargetDependency */,
			);
			name = RandomUserTests;
			productName = RandomUserTests;
			productReference = D8B0E54B21CD6AC20005B871 /* RandomUserTests.xctest */;
			productType = "com.apple.product-type.bundle.unit-test";
		};
		D8B0E55521CD6AC20005B871 /* RandomUserUITests */ = {
			isa = PBXNativeTarget;
			buildConfigurationList = D8B0E56521CD6AC20005B871 /* Build configuration list for PBXNativeTarget "RandomUserUITests" */;
			buildPhases = (
				D8B0E55221CD6AC20005B871 /* Sources */,
				D8B0E55321CD6AC20005B871 /* Frameworks */,
				D8B0E55421CD6AC20005B871 /* Resources */,
			);
			buildRules = (
			);
			dependencies = (
				D8B0E55821CD6AC20005B871 /* PBXTargetDependency */,
			);
			name = RandomUserUITests;
			productName = RandomUserUITests;
			productReference = D8B0E55621CD6AC20005B871 /* RandomUserUITests.xctest */;
			productType = "com.apple.product-type.bundle.ui-testing";
		};
/* End PBXNativeTarget section */

/* Begin PBXProject section */
		D8B0E52C21CD6AC00005B871 /* Project object */ = {
			isa = PBXProject;
			attributes = {
				LastSwiftUpdateCheck = 1010;
				LastUpgradeCheck = 1010;
				ORGANIZATIONNAME = "Mateusz Matoszko";
				TargetAttributes = {
					D8B0E53321CD6AC00005B871 = {
						CreatedOnToolsVersion = 10.1;
					};
					D8B0E54A21CD6AC20005B871 = {
						CreatedOnToolsVersion = 10.1;
						TestTargetID = D8B0E53321CD6AC00005B871;
					};
					D8B0E55521CD6AC20005B871 = {
						CreatedOnToolsVersion = 10.1;
						TestTargetID = D8B0E53321CD6AC00005B871;
					};
				};
			};
			buildConfigurationList = D8B0E52F21CD6AC00005B871 /* Build configuration list for PBXProject "RandomUser" */;
			compatibilityVersion = "Xcode 9.3";
			developmentRegion = en;
			hasScannedForEncodings = 0;
			knownRegions = (
				en,
				Base,
			);
			mainGroup = D8B0E52B21CD6AC00005B871;
			productRefGroup = D8B0E53521CD6AC00005B871 /* Products */;
			projectDirPath = "";
			projectRoot = "";
			targets = (
				D8B0E53321CD6AC00005B871 /* RandomUser */,
				D8B0E54A21CD6AC20005B871 /* RandomUserTests */,
				D8B0E55521CD6AC20005B871 /* RandomUserUITests */,
			);
		};
/* End PBXProject section */

/* Begin PBXResourcesBuildPhase section */
		D8B0E53221CD6AC00005B871 /* Resources */ = {
			isa = PBXResourcesBuildPhase;
			buildActionMask = 2147483647;
			files = (
				D8B0E54521CD6AC20005B871 /* LaunchScreen.storyboard in Resources */,
				D8B0E54221CD6AC20005B871 /* Assets.xcassets in Resources */,
			);
			runOnlyForDeploymentPostprocessing = 0;
		};
		D8B0E54921CD6AC20005B871 /* Resources */ = {
			isa = PBXResourcesBuildPhase;
			buildActionMask = 2147483647;
			files = (
			);
			runOnlyForDeploymentPostprocessing = 0;
		};
		D8B0E55421CD6AC20005B871 /* Resources */ = {
			isa = PBXResourcesBuildPhase;
			buildActionMask = 2147483647;
			files = (
			);
			runOnlyForDeploymentPostprocessing = 0;
		};
/* End PBXResourcesBuildPhase section */

/* Begin PBXSourcesBuildPhase section */
		D8B0E53021CD6AC00005B871 /* Sources */ = {
			isa = PBXSourcesBuildPhase;
			buildActionMask = 2147483647;
			files = (
				D8B0E54021CD6AC00005B871 /* RandomUser.xcdatamodeld in Sources */,
				D8B0E53A21CD6AC00005B871 /* UserListViewController.swift in Sources */,
				D8B0E53821CD6AC00005B871 /* AppDelegate.swift in Sources */,
			);
			runOnlyForDeploymentPostprocessing = 0;
		};
		D8B0E54721CD6AC20005B871 /* Sources */ = {
			isa = PBXSourcesBuildPhase;
			buildActionMask = 2147483647;
			files = (
				D8B0E55021CD6AC20005B871 /* RandomUserTests.swift in Sources */,
			);
			runOnlyForDeploymentPostprocessing = 0;
		};
		D8B0E55221CD6AC20005B871 /* Sources */ = {
			isa = PBXSourcesBuildPhase;
			buildActionMask = 2147483647;
			files = (
				D8B0E55B21CD6AC20005B871 /* RandomUserUITests.swift in Sources */,
			);
			runOnlyForDeploymentPostprocessing = 0;
		};
/* End PBXSourcesBuildPhase section */

/* Begin PBXTargetDependency section */
		D8B0E54D21CD6AC20005B871 /* PBXTargetDependency */ = {
			isa = PBXTargetDependency;
			target = D8B0E53321CD6AC00005B871 /* RandomUser */;
			targetProxy = D8B0E54C21CD6AC20005B871 /* PBXContainerItemProxy */;
		};
		D8B0E55821CD6AC20005B871 /* PBXTargetDependency */ = {
			isa = PBXTargetDependency;
			target = D8B0E53321CD6AC00005B871 /* RandomUser */;
			targetProxy = D8B0E55721CD6AC20005B871 /* PBXContainerItemProxy */;
		};
/* End PBXTargetDependency section */

/* Begin PBXVariantGroup section */
		D8B0E54321CD6AC20005B871 /* LaunchScreen.storyboard */ = {
			isa = PBXVariantGroup;
			children = (
				D8B0E54421CD6AC20005B871 /* Base */,
			);
			name = LaunchScreen.storyboard;
			sourceTree = "<group>";
		};
/* End PBXVariantGroup section */

/* Begin XCBuildConfiguration section */
		D8B0E55D21CD6AC20005B871 /* Debug */ = {
			isa = XCBuildConfiguration;
			buildSettings = {
				ALWAYS_SEARCH_USER_PATHS = NO;
				CLANG_ANALYZER_NONNULL = YES;
				CLANG_ANALYZER_NUMBER_OBJECT_CONVERSION = YES_AGGRESSIVE;
				CLANG_CXX_LANGUAGE_STANDARD = "gnu++14";
				CLANG_CXX_LIBRARY = "libc++";
				CLANG_ENABLE_MODULES = YES;
				CLANG_ENABLE_OBJC_ARC = YES;
				CLANG_ENABLE_OBJC_WEAK = YES;
				CLANG_WARN_BLOCK_CAPTURE_AUTORELEASING = YES;
				CLANG_WARN_BOOL_CONVERSION = YES;
				CLANG_WARN_COMMA = YES;
				CLANG_WARN_CONSTANT_CONVERSION = YES;
				CLANG_WARN_DEPRECATED_OBJC_IMPLEMENTATIONS = YES;
				CLANG_WARN_DIRECT_OBJC_ISA_USAGE = YES_ERROR;
				CLANG_WARN_DOCUMENTATION_COMMENTS = YES;
				CLANG_WARN_EMPTY_BODY = YES;
				CLANG_WARN_ENUM_CONVERSION = YES;
				CLANG_WARN_INFINITE_RECURSION = YES;
				CLANG_WARN_INT_CONVERSION = YES;
				CLANG_WARN_NON_LITERAL_NULL_CONVERSION = YES;
				CLANG_WARN_OBJC_IMPLICIT_RETAIN_SELF = YES;
				CLANG_WARN_OBJC_LITERAL_CONVERSION = YES;
				CLANG_WARN_OBJC_ROOT_CLASS = YES_ERROR;
				CLANG_WARN_RANGE_LOOP_ANALYSIS = YES;
				CLANG_WARN_STRICT_PROTOTYPES = YES;
				CLANG_WARN_SUSPICIOUS_MOVE = YES;
				CLANG_WARN_UNGUARDED_AVAILABILITY = YES_AGGRESSIVE;
				CLANG_WARN_UNREACHABLE_CODE = YES;
				CLANG_WARN__DUPLICATE_METHOD_MATCH = YES;
				CODE_SIGN_IDENTITY = "iPhone Developer";
				COPY_PHASE_STRIP = NO;
				DEBUG_INFORMATION_FORMAT = dwarf;
				ENABLE_STRICT_OBJC_MSGSEND = YES;
				ENABLE_TESTABILITY = YES;
				GCC_C_LANGUAGE_STANDARD = gnu11;
				GCC_DYNAMIC_NO_PIC = NO;
				GCC_NO_COMMON_BLOCKS = YES;
				GCC_OPTIMIZATION_LEVEL = 0;
				GCC_PREPROCESSOR_DEFINITIONS = (
					"DEBUG=1",
					"$(inherited)",
				);
				GCC_WARN_64_TO_32_BIT_CONVERSION = YES;
				GCC_WARN_ABOUT_RETURN_TYPE = YES_ERROR;
				GCC_WARN_UNDECLARED_SELECTOR = YES;
				GCC_WARN_UNINITIALIZED_AUTOS = YES_AGGRESSIVE;
				GCC_WARN_UNUSED_FUNCTION = YES;
				GCC_WARN_UNUSED_VARIABLE = YES;
				IPHONEOS_DEPLOYMENT_TARGET = 12.1;
				MTL_ENABLE_DEBUG_INFO = INCLUDE_SOURCE;
				MTL_FAST_MATH = YES;
				ONLY_ACTIVE_ARCH = YES;
				SDKROOT = iphoneos;
				SWIFT_ACTIVE_COMPILATION_CONDITIONS = DEBUG;
				SWIFT_OPTIMIZATION_LEVEL = "-Onone";
			};
			name = Debug;
		};
		D8B0E55E21CD6AC20005B871 /* Release */ = {
			isa = XCBuildConfiguration;
			buildSettings = {
				ALWAYS_SEARCH_USER_PATHS = NO;
				CLANG_ANALYZER_NONNULL = YES;
				CLANG_ANALYZER_NUMBER_OBJECT_CONVERSION = YES_AGGRESSIVE;
				CLANG_CXX_LANGUAGE_STANDARD = "gnu++14";
				CLANG_CXX_LIBRARY = "libc++";
				CLANG_ENABLE_MODULES = YES;
				CLANG_ENABLE_OBJC_ARC = YES;
				CLANG_ENABLE_OBJC_WEAK = YES;
				CLANG_WARN_BLOCK_CAPTURE_AUTORELEASING = YES;
				CLANG_WARN_BOOL_CONVERSION = YES;
				CLANG_WARN_COMMA = YES;
				CLANG_WARN_CONSTANT_CONVERSION = YES;
				CLANG_WARN_DEPRECATED_OBJC_IMPLEMENTATIONS = YES;
				CLANG_WARN_DIRECT_OBJC_ISA_USAGE = YES_ERROR;
				CLANG_WARN_DOCUMENTATION_COMMENTS = YES;
				CLANG_WARN_EMPTY_BODY = YES;
				CLANG_WARN_ENUM_CONVERSION = YES;
				CLANG_WARN_INFINITE_RECURSION = YES;
				CLANG_WARN_INT_CONVERSION = YES;
				CLANG_WARN_NON_LITERAL_NULL_CONVERSION = YES;
				CLANG_WARN_OBJC_IMPLICIT_RETAIN_SELF = YES;
				CLANG_WARN_OBJC_LITERAL_CONVERSION = YES;
				CLANG_WARN_OBJC_ROOT_CLASS = YES_ERROR;
				CLANG_WARN_RANGE_LOOP_ANALYSIS = YES;
				CLANG_WARN_STRICT_PROTOTYPES = YES;
				CLANG_WARN_SUSPICIOUS_MOVE = YES;
				CLANG_WARN_UNGUARDED_AVAILABILITY = YES_AGGRESSIVE;
				CLANG_WARN_UNREACHABLE_CODE = YES;
				CLANG_WARN__DUPLICATE_METHOD_MATCH = YES;
				CODE_SIGN_IDENTITY = "iPhone Developer";
				COPY_PHASE_STRIP = NO;
				DEBUG_INFORMATION_FORMAT = "dwarf-with-dsym";
				ENABLE_NS_ASSERTIONS = NO;
				ENABLE_STRICT_OBJC_MSGSEND = YES;
				GCC_C_LANGUAGE_STANDARD = gnu11;
				GCC_NO_COMMON_BLOCKS = YES;
				GCC_WARN_64_TO_32_BIT_CONVERSION = YES;
				GCC_WARN_ABOUT_RETURN_TYPE = YES_ERROR;
				GCC_WARN_UNDECLARED_SELECTOR = YES;
				GCC_WARN_UNINITIALIZED_AUTOS = YES_AGGRESSIVE;
				GCC_WARN_UNUSED_FUNCTION = YES;
				GCC_WARN_UNUSED_VARIABLE = YES;
				IPHONEOS_DEPLOYMENT_TARGET = 12.1;
				MTL_ENABLE_DEBUG_INFO = NO;
				MTL_FAST_MATH = YES;
				SDKROOT = iphoneos;
				SWIFT_COMPILATION_MODE = wholemodule;
				SWIFT_OPTIMIZATION_LEVEL = "-O";
				VALIDATE_PRODUCT = YES;
			};
			name = Release;
		};
		D8B0E56021CD6AC20005B871 /* Debug */ = {
			isa = XCBuildConfiguration;
			buildSettings = {
				ASSETCATALOG_COMPILER_APPICON_NAME = AppIcon;
				CODE_SIGN_STYLE = Automatic;
				INFOPLIST_FILE = RandomUser/Info.plist;
				LD_RUNPATH_SEARCH_PATHS = (
					"$(inherited)",
					"@executable_path/Frameworks",
				);
				PRODUCT_BUNDLE_IDENTIFIER = pl.matoszko.RandomUser;
				PRODUCT_NAME = "$(TARGET_NAME)";
				SWIFT_VERSION = 4.2;
				TARGETED_DEVICE_FAMILY = 1;
			};
			name = Debug;
		};
		D8B0E56121CD6AC20005B871 /* Release */ = {
			isa = XCBuildConfiguration;
			buildSettings = {
				ASSETCATALOG_COMPILER_APPICON_NAME = AppIcon;
				CODE_SIGN_STYLE = Automatic;
				INFOPLIST_FILE = RandomUser/Info.plist;
				LD_RUNPATH_SEARCH_PATHS = (
					"$(inherited)",
					"@executable_path/Frameworks",
				);
				PRODUCT_BUNDLE_IDENTIFIER = pl.matoszko.RandomUser;
				PRODUCT_NAME = "$(TARGET_NAME)";
				SWIFT_VERSION = 4.2;
				TARGETED_DEVICE_FAMILY = 1;
			};
			name = Release;
		};
		D8B0E56321CD6AC20005B871 /* Debug */ = {
			isa = XCBuildConfiguration;
			buildSettings = {
				ALWAYS_EMBED_SWIFT_STANDARD_LIBRARIES = YES;
				BUNDLE_LOADER = "$(TEST_HOST)";
				CODE_SIGN_STYLE = Automatic;
				INFOPLIST_FILE = RandomUserTests/Info.plist;
				LD_RUNPATH_SEARCH_PATHS = (
					"$(inherited)",
					"@executable_path/Frameworks",
					"@loader_path/Frameworks",
				);
				PRODUCT_BUNDLE_IDENTIFIER = pl.matoszko.RandomUserTests;
				PRODUCT_NAME = "$(TARGET_NAME)";
				SWIFT_VERSION = 4.2;
				TARGETED_DEVICE_FAMILY = "1,2";
				TEST_HOST = "$(BUILT_PRODUCTS_DIR)/RandomUser.app/RandomUser";
			};
			name = Debug;
		};
		D8B0E56421CD6AC20005B871 /* Release */ = {
			isa = XCBuildConfiguration;
			buildSettings = {
				ALWAYS_EMBED_SWIFT_STANDARD_LIBRARIES = YES;
				BUNDLE_LOADER = "$(TEST_HOST)";
				CODE_SIGN_STYLE = Automatic;
				INFOPLIST_FILE = RandomUserTests/Info.plist;
				LD_RUNPATH_SEARCH_PATHS = (
					"$(inherited)",
					"@executable_path/Frameworks",
					"@loader_path/Frameworks",
				);
				PRODUCT_BUNDLE_IDENTIFIER = pl.matoszko.RandomUserTests;
				PRODUCT_NAME = "$(TARGET_NAME)";
				SWIFT_VERSION = 4.2;
				TARGETED_DEVICE_FAMILY = "1,2";
				TEST_HOST = "$(BUILT_PRODUCTS_DIR)/RandomUser.app/RandomUser";
			};
			name = Release;
		};
		D8B0E56621CD6AC20005B871 /* Debug */ = {
			isa = XCBuildConfiguration;
			buildSettings = {
				ALWAYS_EMBED_SWIFT_STANDARD_LIBRARIES = YES;
				CODE_SIGN_STYLE = Automatic;
				INFOPLIST_FILE = RandomUserUITests/Info.plist;
				LD_RUNPATH_SEARCH_PATHS = (
					"$(inherited)",
					"@executable_path/Frameworks",
					"@loader_path/Frameworks",
				);
				PRODUCT_BUNDLE_IDENTIFIER = pl.matoszko.RandomUserUITests;
				PRODUCT_NAME = "$(TARGET_NAME)";
				SWIFT_VERSION = 4.2;
				TARGETED_DEVICE_FAMILY = "1,2";
				TEST_TARGET_NAME = RandomUser;
			};
			name = Debug;
		};
		D8B0E56721CD6AC20005B871 /* Release */ = {
			isa = XCBuildConfiguration;
			buildSettings = {
				ALWAYS_EMBED_SWIFT_STANDARD_LIBRARIES = YES;
				CODE_SIGN_STYLE = Automatic;
				INFOPLIST_FILE = RandomUserUITests/Info.plist;
				LD_RUNPATH_SEARCH_PATHS = (
					"$(inherited)",
					"@executable_path/Frameworks",
					"@loader_path/Frameworks",
				);
				PRODUCT_BUNDLE_IDENTIFIER = pl.matoszko.RandomUserUITests;
				PRODUCT_NAME = "$(TARGET_NAME)";
				SWIFT_VERSION = 4.2;
				TARGETED_DEVICE_FAMILY = "1,2";
				TEST_TARGET_NAME = RandomUser;
			};
			name = Release;
		};
/* End XCBuildConfiguration section */

/* Begin XCConfigurationList section */
		D8B0E52F21CD6AC00005B871 /* Build configuration list for PBXProject "RandomUser" */ = {
			isa = XCConfigurationList;
			buildConfigurations = (
				D8B0E55D21CD6AC20005B871 /* Debug */,
				D8B0E55E21CD6AC20005B871 /* Release */,
			);
			defaultConfigurationIsVisible = 0;
			defaultConfigurationName = Release;
		};
		D8B0E55F21CD6AC20005B871 /* Build configuration list for PBXNativeTarget "RandomUser" */ = {
			isa = XCConfigurationList;
			buildConfigurations = (
				D8B0E56021CD6AC20005B871 /* Debug */,
				D8B0E56121CD6AC20005B871 /* Release */,
			);
			defaultConfigurationIsVisible = 0;
			defaultConfigurationName = Release;
		};
		D8B0E56221CD6AC20005B871 /* Build configuration list for PBXNativeTarget "RandomUserTests" */ = {
			isa = XCConfigurationList;
			buildConfigurations = (
				D8B0E56321CD6AC20005B871 /* Debug */,
				D8B0E56421CD6AC20005B871 /* Release */,
			);
			defaultConfigurationIsVisible = 0;
			defaultConfigurationName = Release;
		};
		D8B0E56521CD6AC20005B871 /* Build configuration list for PBXNativeTarget "RandomUserUITests" */ = {
			isa = XCConfigurationList;
			buildConfigurations = (
				D8B0E56621CD6AC20005B871 /* Debug */,
				D8B0E56721CD6AC20005B871 /* Release */,
			);
			defaultConfigurationIsVisible = 0;
			defaultConfigurationName = Release;
		};
/* End XCConfigurationList section */

/* Begin XCVersionGroup section */
		D8B0E53E21CD6AC00005B871 /* RandomUser.xcdatamodeld */ = {
			isa = XCVersionGroup;
			children = (
				D8B0E53F21CD6AC00005B871 /* RandomUser.xcdatamodel */,
			);
			currentVersion = D8B0E53F21CD6AC00005B871 /* RandomUser.xcdatamodel */;
			path = RandomUser.xcdatamodeld;
			sourceTree = "<group>";
			versionGroupType = wrapper.xcdatamodel;
		};
/* End XCVersionGroup section */
	};
	rootObject = D8B0E52C21CD6AC00005B871 /* Project object */;
}
