// !$*UTF8*$!
{
	archiveVersion = 1;
	classes = {
	};
	objectVersion = 52;
	objects = {

/* Begin PBXBuildFile section */
		D81CC77921D30AD4005E0AC9 /* RestApi.swift in Sources */ = {isa = PBXBuildFile; fileRef = D81CC77821D30AD4005E0AC9 /* RestApi.swift */; };
		D81CC77C21D30FD1005E0AC9 /* UserStore.swift in Sources */ = {isa = PBXBuildFile; fileRef = D81CC77B21D30FD1005E0AC9 /* UserStore.swift */; };
		D81CC77F21D42DC2005E0AC9 /* UserRepository.swift in Sources */ = {isa = PBXBuildFile; fileRef = D81CC77E21D42DC2005E0AC9 /* UserRepository.swift */; };
		D865E14921D973B7007F2C6A /* UserListDelegate.swift in Sources */ = {isa = PBXBuildFile; fileRef = D865E14821D973B7007F2C6A /* UserListDelegate.swift */; };
		D8691E8221DD7BA00074A522 /* UserDetailsViewController.swift in Sources */ = {isa = PBXBuildFile; fileRef = D8691E8121DD7BA00074A522 /* UserDetailsViewController.swift */; };
		D8691E8721DEA7620074A522 /* UserFilterFunctionTests.swift in Sources */ = {isa = PBXBuildFile; fileRef = D8691E8621DEA7620074A522 /* UserFilterFunctionTests.swift */; };
		D86B3C9625F0210A00252BDD /* RxBlocking.xcframework in Frameworks */ = {isa = PBXBuildFile; fileRef = D86B3C8A25F020A700252BDD /* RxBlocking.xcframework */; };
		D86B3CA125F0214800252BDD /* RxBlocking.xcframework in Frameworks */ = {isa = PBXBuildFile; fileRef = D86B3C8A25F020A700252BDD /* RxBlocking.xcframework */; };
		D87CF84D24CA49D500AAB947 /* UserListPresenter.swift in Sources */ = {isa = PBXBuildFile; fileRef = D87CF84C24CA49D500AAB947 /* UserListPresenter.swift */; };
		D87CF84F24CA49FF00AAB947 /* UserListInteractor.swift in Sources */ = {isa = PBXBuildFile; fileRef = D87CF84E24CA49FF00AAB947 /* UserListInteractor.swift */; };
		D87CF85124CA4B0400AAB947 /* UserListRouter.swift in Sources */ = {isa = PBXBuildFile; fileRef = D87CF85024CA4B0400AAB947 /* UserListRouter.swift */; };
		D87EE55C21D13FDB0076195F /* User.swift in Sources */ = {isa = PBXBuildFile; fileRef = D87EE55B21D13FDB0076195F /* User.swift */; };
		D88E23D821D524000098EA37 /* UserInformationCoordinator.swift in Sources */ = {isa = PBXBuildFile; fileRef = D88E23D721D524000098EA37 /* UserInformationCoordinator.swift */; };
		D88E23DA21D53A1A0098EA37 /* UserListDataSource.swift in Sources */ = {isa = PBXBuildFile; fileRef = D88E23D921D53A1A0098EA37 /* UserListDataSource.swift */; };
		D88E23DC21D53E2D0098EA37 /* UserListCollectionView.swift in Sources */ = {isa = PBXBuildFile; fileRef = D88E23DB21D53E2D0098EA37 /* UserListCollectionView.swift */; };
		D88E23DE21D593310098EA37 /* UserCollectionViewCell.swift in Sources */ = {isa = PBXBuildFile; fileRef = D88E23DD21D593310098EA37 /* UserCollectionViewCell.swift */; };
		D8B0E53821CD6AC00005B871 /* AppDelegate.swift in Sources */ = {isa = PBXBuildFile; fileRef = D8B0E53721CD6AC00005B871 /* AppDelegate.swift */; };
		D8B0E53A21CD6AC00005B871 /* UserListViewController.swift in Sources */ = {isa = PBXBuildFile; fileRef = D8B0E53921CD6AC00005B871 /* UserListViewController.swift */; };
		D8B0E54021CD6AC00005B871 /* RandomUser.xcdatamodeld in Sources */ = {isa = PBXBuildFile; fileRef = D8B0E53E21CD6AC00005B871 /* RandomUser.xcdatamodeld */; };
		D8B0E54221CD6AC20005B871 /* Assets.xcassets in Resources */ = {isa = PBXBuildFile; fileRef = D8B0E54121CD6AC20005B871 /* Assets.xcassets */; };
		D8B0E54521CD6AC20005B871 /* LaunchScreen.storyboard in Resources */ = {isa = PBXBuildFile; fileRef = D8B0E54321CD6AC20005B871 /* LaunchScreen.storyboard */; };
		D8B0E55B21CD6AC20005B871 /* RandomUserUITests.swift in Sources */ = {isa = PBXBuildFile; fileRef = D8B0E55A21CD6AC20005B871 /* RandomUserUITests.swift */; };
		D8BBB2E725ED673700EEB0F5 /* Kingfisher.xcframework in Frameworks */ = {isa = PBXBuildFile; fileRef = D8BBB2E425ED673700EEB0F5 /* Kingfisher.xcframework */; };
		D8BBB2E825ED673700EEB0F5 /* RxCocoa.xcframework in Frameworks */ = {isa = PBXBuildFile; fileRef = D8BBB2E525ED673700EEB0F5 /* RxCocoa.xcframework */; };
		D8BBB2E925ED673700EEB0F5 /* RxRelay.xcframework in Frameworks */ = {isa = PBXBuildFile; fileRef = D8BBB2E625ED673700EEB0F5 /* RxRelay.xcframework */; };
		D8BBB2ED25ED674D00EEB0F5 /* RxSwift.xcframework in Frameworks */ = {isa = PBXBuildFile; fileRef = D8BBB2EC25ED674D00EEB0F5 /* RxSwift.xcframework */; };
		D8E928D224D04BBA00D9B489 /* UserRepositoryTests.swift in Sources */ = {isa = PBXBuildFile; fileRef = D888975521DA592C0033FA26 /* UserRepositoryTests.swift */; };
		D8E928D424D04C1000D9B489 /* UserTests.swift in Sources */ = {isa = PBXBuildFile; fileRef = D87EE55E21D1C3AF0076195F /* UserTests.swift */; };
		D8E928D624D04D3200D9B489 /* UserListInteractorTests.swift in Sources */ = {isa = PBXBuildFile; fileRef = D8E928D524D04D3200D9B489 /* UserListInteractorTests.swift */; };
/* End PBXBuildFile section */

/* Begin PBXContainerItemProxy section */
		D8B0E54C21CD6AC20005B871 /* PBXContainerItemProxy */ = {
			isa = PBXContainerItemProxy;
			containerPortal = D8B0E52C21CD6AC00005B871 /* Project object */;
			proxyType = 1;
			remoteGlobalIDString = D8B0E53321CD6AC00005B871;
			remoteInfo = RandomUser;
		};
		D8B0E55721CD6AC20005B871 /* PBXContainerItemProxy */ = {
			isa = PBXContainerItemProxy;
			containerPortal = D8B0E52C21CD6AC00005B871 /* Project object */;
			proxyType = 1;
			remoteGlobalIDString = D8B0E53321CD6AC00005B871;
			remoteInfo = RandomUser;
		};
/* End PBXContainerItemProxy section */

/* Begin PBXFileReference section */
		D81CC77821D30AD4005E0AC9 /* RestApi.swift */ = {isa = PBXFileReference; fileEncoding = 4; lastKnownFileType = sourcecode.swift; path = RestApi.swift; sourceTree = "<group>"; };
		D81CC77B21D30FD1005E0AC9 /* UserStore.swift */ = {isa = PBXFileReference; lastKnownFileType = sourcecode.swift; path = UserStore.swift; sourceTree = "<group>"; };
		D81CC77E21D42DC2005E0AC9 /* UserRepository.swift */ = {isa = PBXFileReference; lastKnownFileType = sourcecode.swift; path = UserRepository.swift; sourceTree = "<group>"; };
		D865E14821D973B7007F2C6A /* UserListDelegate.swift */ = {isa = PBXFileReference; lastKnownFileType = sourcecode.swift; path = UserListDelegate.swift; sourceTree = "<group>"; };
		D8691E8121DD7BA00074A522 /* UserDetailsViewController.swift */ = {isa = PBXFileReference; lastKnownFileType = sourcecode.swift; path = UserDetailsViewController.swift; sourceTree = "<group>"; };
		D8691E8621DEA7620074A522 /* UserFilterFunctionTests.swift */ = {isa = PBXFileReference; lastKnownFileType = sourcecode.swift; path = UserFilterFunctionTests.swift; sourceTree = "<group>"; };
		D86B3C8A25F020A700252BDD /* RxBlocking.xcframework */ = {isa = PBXFileReference; lastKnownFileType = wrapper.xcframework; name = RxBlocking.xcframework; path = Carthage/Build/RxBlocking.xcframework; sourceTree = "<group>"; };
		D87CF84C24CA49D500AAB947 /* UserListPresenter.swift */ = {isa = PBXFileReference; lastKnownFileType = sourcecode.swift; path = UserListPresenter.swift; sourceTree = "<group>"; };
		D87CF84E24CA49FF00AAB947 /* UserListInteractor.swift */ = {isa = PBXFileReference; lastKnownFileType = sourcecode.swift; path = UserListInteractor.swift; sourceTree = "<group>"; };
		D87CF85024CA4B0400AAB947 /* UserListRouter.swift */ = {isa = PBXFileReference; lastKnownFileType = sourcecode.swift; path = UserListRouter.swift; sourceTree = "<group>"; };
		D87EE55B21D13FDB0076195F /* User.swift */ = {isa = PBXFileReference; lastKnownFileType = sourcecode.swift; path = User.swift; sourceTree = "<group>"; };
		D87EE55E21D1C3AF0076195F /* UserTests.swift */ = {isa = PBXFileReference; lastKnownFileType = sourcecode.swift; path = UserTests.swift; sourceTree = "<group>"; };
		D888975521DA592C0033FA26 /* UserRepositoryTests.swift */ = {isa = PBXFileReference; lastKnownFileType = sourcecode.swift; path = UserRepositoryTests.swift; sourceTree = "<group>"; };
		D88E23D721D524000098EA37 /* UserInformationCoordinator.swift */ = {isa = PBXFileReference; lastKnownFileType = sourcecode.swift; path = UserInformationCoordinator.swift; sourceTree = "<group>"; };
		D88E23D921D53A1A0098EA37 /* UserListDataSource.swift */ = {isa = PBXFileReference; lastKnownFileType = sourcecode.swift; path = UserListDataSource.swift; sourceTree = "<group>"; };
		D88E23DB21D53E2D0098EA37 /* UserListCollectionView.swift */ = {isa = PBXFileReference; lastKnownFileType = sourcecode.swift; path = UserListCollectionView.swift; sourceTree = "<group>"; };
		D88E23DD21D593310098EA37 /* UserCollectionViewCell.swift */ = {isa = PBXFileReference; lastKnownFileType = sourcecode.swift; path = UserCollectionViewCell.swift; sourceTree = "<group>"; };
		D8B0E53421CD6AC00005B871 /* RandomUser.app */ = {isa = PBXFileReference; explicitFileType = wrapper.application; includeInIndex = 0; path = RandomUser.app; sourceTree = BUILT_PRODUCTS_DIR; };
		D8B0E53721CD6AC00005B871 /* AppDelegate.swift */ = {isa = PBXFileReference; lastKnownFileType = sourcecode.swift; path = AppDelegate.swift; sourceTree = "<group>"; };
		D8B0E53921CD6AC00005B871 /* UserListViewController.swift */ = {isa = PBXFileReference; lastKnownFileType = sourcecode.swift; path = UserListViewController.swift; sourceTree = "<group>"; };
		D8B0E53F21CD6AC00005B871 /* RandomUser.xcdatamodel */ = {isa = PBXFileReference; lastKnownFileType = wrapper.xcdatamodel; path = RandomUser.xcdatamodel; sourceTree = "<group>"; };
		D8B0E54121CD6AC20005B871 /* Assets.xcassets */ = {isa = PBXFileReference; lastKnownFileType = folder.assetcatalog; path = Assets.xcassets; sourceTree = "<group>"; };
		D8B0E54421CD6AC20005B871 /* Base */ = {isa = PBXFileReference; lastKnownFileType = file.storyboard; name = Base; path = Base.lproj/LaunchScreen.storyboard; sourceTree = "<group>"; };
		D8B0E54621CD6AC20005B871 /* Info.plist */ = {isa = PBXFileReference; lastKnownFileType = text.plist.xml; path = Info.plist; sourceTree = "<group>"; };
		D8B0E54B21CD6AC20005B871 /* RandomUserTests.xctest */ = {isa = PBXFileReference; explicitFileType = wrapper.cfbundle; includeInIndex = 0; path = RandomUserTests.xctest; sourceTree = BUILT_PRODUCTS_DIR; };
		D8B0E55121CD6AC20005B871 /* Info.plist */ = {isa = PBXFileReference; lastKnownFileType = text.plist.xml; path = Info.plist; sourceTree = "<group>"; };
		D8B0E55621CD6AC20005B871 /* RandomUserUITests.xctest */ = {isa = PBXFileReference; explicitFileType = wrapper.cfbundle; includeInIndex = 0; path = RandomUserUITests.xctest; sourceTree = BUILT_PRODUCTS_DIR; };
		D8B0E55A21CD6AC20005B871 /* RandomUserUITests.swift */ = {isa = PBXFileReference; lastKnownFileType = sourcecode.swift; path = RandomUserUITests.swift; sourceTree = "<group>"; };
		D8B0E55C21CD6AC20005B871 /* Info.plist */ = {isa = PBXFileReference; lastKnownFileType = text.plist.xml; path = Info.plist; sourceTree = "<group>"; };
		D8BBB2E425ED673700EEB0F5 /* Kingfisher.xcframework */ = {isa = PBXFileReference; lastKnownFileType = wrapper.xcframework; name = Kingfisher.xcframework; path = Carthage/Build/Kingfisher.xcframework; sourceTree = "<group>"; };
		D8BBB2E525ED673700EEB0F5 /* RxCocoa.xcframework */ = {isa = PBXFileReference; lastKnownFileType = wrapper.xcframework; name = RxCocoa.xcframework; path = Carthage/Build/RxCocoa.xcframework; sourceTree = "<group>"; };
		D8BBB2E625ED673700EEB0F5 /* RxRelay.xcframework */ = {isa = PBXFileReference; lastKnownFileType = wrapper.xcframework; name = RxRelay.xcframework; path = Carthage/Build/RxRelay.xcframework; sourceTree = "<group>"; };
		D8BBB2EC25ED674D00EEB0F5 /* RxSwift.xcframework */ = {isa = PBXFileReference; lastKnownFileType = wrapper.xcframework; name = RxSwift.xcframework; path = Carthage/Build/RxSwift.xcframework; sourceTree = "<group>"; };
		D8E928D524D04D3200D9B489 /* UserListInteractorTests.swift */ = {isa = PBXFileReference; lastKnownFileType = sourcecode.swift; path = UserListInteractorTests.swift; sourceTree = "<group>"; };
/* End PBXFileReference section */

/* Begin PBXFrameworksBuildPhase section */
		D8B0E53121CD6AC00005B871 /* Frameworks */ = {
			isa = PBXFrameworksBuildPhase;
			buildActionMask = 2147483647;
			files = (
				D8BBB2E725ED673700EEB0F5 /* Kingfisher.xcframework in Frameworks */,
				D8BBB2ED25ED674D00EEB0F5 /* RxSwift.xcframework in Frameworks */,
				D8BBB2E825ED673700EEB0F5 /* RxCocoa.xcframework in Frameworks */,
				D86B3C9625F0210A00252BDD /* RxBlocking.xcframework in Frameworks */,
				D8BBB2E925ED673700EEB0F5 /* RxRelay.xcframework in Frameworks */,
			);
			runOnlyForDeploymentPostprocessing = 0;
		};
		D8B0E54821CD6AC20005B871 /* Frameworks */ = {
			isa = PBXFrameworksBuildPhase;
			buildActionMask = 2147483647;
			files = (
				D86B3CA125F0214800252BDD /* RxBlocking.xcframework in Frameworks */,
			);
			runOnlyForDeploymentPostprocessing = 0;
		};
		D8B0E55321CD6AC20005B871 /* Frameworks */ = {
			isa = PBXFrameworksBuildPhase;
			buildActionMask = 2147483647;
			files = (
			);
			runOnlyForDeploymentPostprocessing = 0;
		};
/* End PBXFrameworksBuildPhase section */

/* Begin PBXGroup section */
		D81CC77721D30AAE005E0AC9 /* Networking */ = {
			isa = PBXGroup;
			children = (
				D81CC77821D30AD4005E0AC9 /* RestApi.swift */,
			);
			path = Networking;
			sourceTree = "<group>";
		};
		D81CC77A21D30E36005E0AC9 /* Persistence */ = {
			isa = PBXGroup;
			children = (
				D81CC77B21D30FD1005E0AC9 /* UserStore.swift */,
			);
			path = Persistence;
			sourceTree = "<group>";
		};
		D81CC77D21D42D3E005E0AC9 /* Repositories */ = {
			isa = PBXGroup;
			children = (
				D81CC77E21D42DC2005E0AC9 /* UserRepository.swift */,
				D888975521DA592C0033FA26 /* UserRepositoryTests.swift */,
			);
			path = Repositories;
			sourceTree = "<group>";
		};
		D8691E8021DD74AF0074A522 /* User List */ = {
			isa = PBXGroup;
			children = (
				D8B0E53921CD6AC00005B871 /* UserListViewController.swift */,
				D88E23D921D53A1A0098EA37 /* UserListDataSource.swift */,
				D865E14821D973B7007F2C6A /* UserListDelegate.swift */,
				D88E23DB21D53E2D0098EA37 /* UserListCollectionView.swift */,
				D88E23DD21D593310098EA37 /* UserCollectionViewCell.swift */,
				D87CF84C24CA49D500AAB947 /* UserListPresenter.swift */,
				D87CF84E24CA49FF00AAB947 /* UserListInteractor.swift */,
				D8E928D524D04D3200D9B489 /* UserListInteractorTests.swift */,
				D87CF85024CA4B0400AAB947 /* UserListRouter.swift */,
			);
			path = "User List";
			sourceTree = "<group>";
		};
		D8691E8321DE5BA10074A522 /* User Details */ = {
			isa = PBXGroup;
			children = (
				D8691E8121DD7BA00074A522 /* UserDetailsViewController.swift */,
			);
			path = "User Details";
			sourceTree = "<group>";
		};
		D87EE55A21D13FBF0076195F /* Model */ = {
			isa = PBXGroup;
			children = (
				D87EE55B21D13FDB0076195F /* User.swift */,
				D87EE55E21D1C3AF0076195F /* UserTests.swift */,
				D8691E8621DEA7620074A522 /* UserFilterFunctionTests.swift */,
			);
			path = Model;
			sourceTree = "<group>";
		};
		D88E23D621D523300098EA37 /* Presentation */ = {
			isa = PBXGroup;
			children = (
				D8691E8321DE5BA10074A522 /* User Details */,
				D8691E8021DD74AF0074A522 /* User List */,
				D88E23D721D524000098EA37 /* UserInformationCoordinator.swift */,
			);
			path = Presentation;
			sourceTree = "<group>";
		};
		D8B0E52B21CD6AC00005B871 = {
			isa = PBXGroup;
			children = (
				D8B0E53621CD6AC00005B871 /* RandomUser */,
				D8B0E54E21CD6AC20005B871 /* RandomUserTests */,
				D8B0E55921CD6AC20005B871 /* RandomUserUITests */,
				D8B0E53521CD6AC00005B871 /* Products */,
				D8BA533921D0528000B987A8 /* Frameworks */,
			);
			sourceTree = "<group>";
		};
		D8B0E53521CD6AC00005B871 /* Products */ = {
			isa = PBXGroup;
			children = (
				D8B0E53421CD6AC00005B871 /* RandomUser.app */,
				D8B0E54B21CD6AC20005B871 /* RandomUserTests.xctest */,
				D8B0E55621CD6AC20005B871 /* RandomUserUITests.xctest */,
			);
			name = Products;
			sourceTree = "<group>";
		};
		D8B0E53621CD6AC00005B871 /* RandomUser */ = {
			isa = PBXGroup;
			children = (
				D88E23D621D523300098EA37 /* Presentation */,
				D87EE55A21D13FBF0076195F /* Model */,
				D81CC77D21D42D3E005E0AC9 /* Repositories */,
				D81CC77721D30AAE005E0AC9 /* Networking */,
				D81CC77A21D30E36005E0AC9 /* Persistence */,
				D8B0E53721CD6AC00005B871 /* AppDelegate.swift */,
				D8B0E54121CD6AC20005B871 /* Assets.xcassets */,
				D8B0E54321CD6AC20005B871 /* LaunchScreen.storyboard */,
				D8B0E54621CD6AC20005B871 /* Info.plist */,
				D8B0E53E21CD6AC00005B871 /* RandomUser.xcdatamodeld */,
			);
			path = RandomUser;
			sourceTree = "<group>";
		};
		D8B0E54E21CD6AC20005B871 /* RandomUserTests */ = {
			isa = PBXGroup;
			children = (
				D8B0E55121CD6AC20005B871 /* Info.plist */,
			);
			path = RandomUserTests;
			sourceTree = "<group>";
		};
		D8B0E55921CD6AC20005B871 /* RandomUserUITests */ = {
			isa = PBXGroup;
			children = (
				D8B0E55A21CD6AC20005B871 /* RandomUserUITests.swift */,
				D8B0E55C21CD6AC20005B871 /* Info.plist */,
			);
			path = RandomUserUITests;
			sourceTree = "<group>";
		};
		D8BA533921D0528000B987A8 /* Frameworks */ = {
			isa = PBXGroup;
			children = (
				D8BBB2E425ED673700EEB0F5 /* Kingfisher.xcframework */,
				D8BBB2E525ED673700EEB0F5 /* RxCocoa.xcframework */,
				D8BBB2EC25ED674D00EEB0F5 /* RxSwift.xcframework */,
				D86B3C8A25F020A700252BDD /* RxBlocking.xcframework */,
				D8BBB2E625ED673700EEB0F5 /* RxRelay.xcframework */,
			);
			name = Frameworks;
			sourceTree = "<group>";
		};
/* End PBXGroup section */

/* Begin PBXNativeTarget section */
		D8B0E53321CD6AC00005B871 /* RandomUser */ = {
			isa = PBXNativeTarget;
			buildConfigurationList = D8B0E55F21CD6AC20005B871 /* Build configuration list for PBXNativeTarget "RandomUser" */;
			buildPhases = (
				D8B0E53021CD6AC00005B871 /* Sources */,
				D8B0E53121CD6AC00005B871 /* Frameworks */,
				D8B0E53221CD6AC00005B871 /* Resources */,
			);
			buildRules = (
			);
			dependencies = (
			);
			name = RandomUser;
			productName = RandomUser;
			productReference = D8B0E53421CD6AC00005B871 /* RandomUser.app */;
			productType = "com.apple.product-type.application";
		};
		D8B0E54A21CD6AC20005B871 /* RandomUserTests */ = {
			isa = PBXNativeTarget;
			buildConfigurationList = D8B0E56221CD6AC20005B871 /* Build configuration list for PBXNativeTarget "RandomUserTests" */;
			buildPhases = (
				D8B0E54721CD6AC20005B871 /* Sources */,
				D8B0E54821CD6AC20005B871 /* Frameworks */,
			);
			buildRules = (
			);
			dependencies = (
				D8B0E54D21CD6AC20005B871 /* PBXTargetDependency */,
			);
			name = RandomUserTests;
			productName = RandomUserTests;
			productReference = D8B0E54B21CD6AC20005B871 /* RandomUserTests.xctest */;
			productType = "com.apple.product-type.bundle.unit-test";
		};
		D8B0E55521CD6AC20005B871 /* RandomUserUITests */ = {
			isa = PBXNativeTarget;
			buildConfigurationList = D8B0E56521CD6AC20005B871 /* Build configuration list for PBXNativeTarget "RandomUserUITests" */;
			buildPhases = (
				D8B0E55221CD6AC20005B871 /* Sources */,
				D8B0E55321CD6AC20005B871 /* Frameworks */,
				D8B0E55421CD6AC20005B871 /* Resources */,
			);
			buildRules = (
			);
			dependencies = (
				D8B0E55821CD6AC20005B871 /* PBXTargetDependency */,
			);
			name = RandomUserUITests;
			productName = RandomUserUITests;
			productReference = D8B0E55621CD6AC20005B871 /* RandomUserUITests.xctest */;
			productType = "com.apple.product-type.bundle.ui-testing";
		};
/* End PBXNativeTarget section */

/* Begin PBXProject section */
		D8B0E52C21CD6AC00005B871 /* Project object */ = {
			isa = PBXProject;
			attributes = {
				LastSwiftUpdateCheck = 1010;
				LastUpgradeCheck = 1340;
				ORGANIZATIONNAME = "Mateusz Matoszko";
				TargetAttributes = {
					D8B0E53321CD6AC00005B871 = {
						CreatedOnToolsVersion = 10.1;
						LastSwiftMigration = 1140;
					};
					D8B0E54A21CD6AC20005B871 = {
						CreatedOnToolsVersion = 10.1;
						LastSwiftMigration = 1140;
						TestTargetID = D8B0E53321CD6AC00005B871;
					};
					D8B0E55521CD6AC20005B871 = {
						CreatedOnToolsVersion = 10.1;
						LastSwiftMigration = 1140;
						TestTargetID = D8B0E53321CD6AC00005B871;
					};
				};
			};
			buildConfigurationList = D8B0E52F21CD6AC00005B871 /* Build configuration list for PBXProject "RandomUser" */;
			compatibilityVersion = "Xcode 9.3";
			developmentRegion = en;
			hasScannedForEncodings = 0;
			knownRegions = (
				en,
				Base,
			);
			mainGroup = D8B0E52B21CD6AC00005B871;
			productRefGroup = D8B0E53521CD6AC00005B871 /* Products */;
			projectDirPath = "";
			projectRoot = "";
			targets = (
				D8B0E53321CD6AC00005B871 /* RandomUser */,
				D8B0E54A21CD6AC20005B871 /* RandomUserTests */,
				D8B0E55521CD6AC20005B871 /* RandomUserUITests */,
			);
		};
/* End PBXProject section */

/* Begin PBXResourcesBuildPhase section */
		D8B0E53221CD6AC00005B871 /* Resources */ = {
			isa = PBXResourcesBuildPhase;
			buildActionMask = 2147483647;
			files = (
				D8B0E54521CD6AC20005B871 /* LaunchScreen.storyboard in Resources */,
				D8B0E54221CD6AC20005B871 /* Assets.xcassets in Resources */,
			);
			runOnlyForDeploymentPostprocessing = 0;
		};
		D8B0E55421CD6AC20005B871 /* Resources */ = {
			isa = PBXResourcesBuildPhase;
			buildActionMask = 2147483647;
			files = (
			);
			runOnlyForDeploymentPostprocessing = 0;
		};
/* End PBXResourcesBuildPhase section */

/* Begin PBXSourcesBuildPhase section */
		D8B0E53021CD6AC00005B871 /* Sources */ = {
			isa = PBXSourcesBuildPhase;
			buildActionMask = 2147483647;
			files = (
				D88E23D821D524000098EA37 /* UserInformationCoordinator.swift in Sources */,
				D81CC77921D30AD4005E0AC9 /* RestApi.swift in Sources */,
				D8691E8221DD7BA00074A522 /* UserDetailsViewController.swift in Sources */,
				D8B0E54021CD6AC00005B871 /* RandomUser.xcdatamodeld in Sources */,
				D8B0E53A21CD6AC00005B871 /* UserListViewController.swift in Sources */,
				D88E23DA21D53A1A0098EA37 /* UserListDataSource.swift in Sources */,
				D88E23DC21D53E2D0098EA37 /* UserListCollectionView.swift in Sources */,
				D87CF84F24CA49FF00AAB947 /* UserListInteractor.swift in Sources */,
				D81CC77F21D42DC2005E0AC9 /* UserRepository.swift in Sources */,
				D81CC77C21D30FD1005E0AC9 /* UserStore.swift in Sources */,
				D87CF84D24CA49D500AAB947 /* UserListPresenter.swift in Sources */,
				D87CF85124CA4B0400AAB947 /* UserListRouter.swift in Sources */,
				D87EE55C21D13FDB0076195F /* User.swift in Sources */,
				D88E23DE21D593310098EA37 /* UserCollectionViewCell.swift in Sources */,
				D8B0E53821CD6AC00005B871 /* AppDelegate.swift in Sources */,
				D865E14921D973B7007F2C6A /* UserListDelegate.swift in Sources */,
			);
			runOnlyForDeploymentPostprocessing = 0;
		};
		D8B0E54721CD6AC20005B871 /* Sources */ = {
			isa = PBXSourcesBuildPhase;
			buildActionMask = 2147483647;
			files = (
				D8E928D424D04C1000D9B489 /* UserTests.swift in Sources */,
				D8E928D624D04D3200D9B489 /* UserListInteractorTests.swift in Sources */,
				D8691E8721DEA7620074A522 /* UserFilterFunctionTests.swift in Sources */,
				D8E928D224D04BBA00D9B489 /* UserRepositoryTests.swift in Sources */,
			);
			runOnlyForDeploymentPostprocessing = 0;
		};
		D8B0E55221CD6AC20005B871 /* Sources */ = {
			isa = PBXSourcesBuildPhase;
			buildActionMask = 2147483647;
			files = (
				D8B0E55B21CD6AC20005B871 /* RandomUserUITests.swift in Sources */,
			);
			runOnlyForDeploymentPostprocessing = 0;
		};
/* End PBXSourcesBuildPhase section */

/* Begin PBXTargetDependency section */
		D8B0E54D21CD6AC20005B871 /* PBXTargetDependency */ = {
			isa = PBXTargetDependency;
			target = D8B0E53321CD6AC00005B871 /* RandomUser */;
			targetProxy = D8B0E54C21CD6AC20005B871 /* PBXContainerItemProxy */;
		};
		D8B0E55821CD6AC20005B871 /* PBXTargetDependency */ = {
			isa = PBXTargetDependency;
			target = D8B0E53321CD6AC00005B871 /* RandomUser */;
			targetProxy = D8B0E55721CD6AC20005B871 /* PBXContainerItemProxy */;
		};
/* End PBXTargetDependency section */

/* Begin PBXVariantGroup section */
		D8B0E54321CD6AC20005B871 /* LaunchScreen.storyboard */ = {
			isa = PBXVariantGroup;
			children = (
				D8B0E54421CD6AC20005B871 /* Base */,
			);
			name = LaunchScreen.storyboard;
			sourceTree = "<group>";
		};
/* End PBXVariantGroup section */

/* Begin XCBuildConfiguration section */
		D8B0E55D21CD6AC20005B871 /* Debug */ = {
			isa = XCBuildConfiguration;
			buildSettings = {
				ALWAYS_SEARCH_USER_PATHS = NO;
				CLANG_ANALYZER_NONNULL = YES;
				CLANG_ANALYZER_NUMBER_OBJECT_CONVERSION = YES_AGGRESSIVE;
				CLANG_CXX_LANGUAGE_STANDARD = "gnu++14";
				CLANG_CXX_LIBRARY = "libc++";
				CLANG_ENABLE_MODULES = YES;
				CLANG_ENABLE_OBJC_ARC = YES;
				CLANG_ENABLE_OBJC_WEAK = YES;
				CLANG_WARN_BLOCK_CAPTURE_AUTORELEASING = YES;
				CLANG_WARN_BOOL_CONVERSION = YES;
				CLANG_WARN_COMMA = YES;
				CLANG_WARN_CONSTANT_CONVERSION = YES;
				CLANG_WARN_DEPRECATED_OBJC_IMPLEMENTATIONS = YES;
				CLANG_WARN_DIRECT_OBJC_ISA_USAGE = YES_ERROR;
				CLANG_WARN_DOCUMENTATION_COMMENTS = YES;
				CLANG_WARN_EMPTY_BODY = YES;
				CLANG_WARN_ENUM_CONVERSION = YES;
				CLANG_WARN_INFINITE_RECURSION = YES;
				CLANG_WARN_INT_CONVERSION = YES;
				CLANG_WARN_NON_LITERAL_NULL_CONVERSION = YES;
				CLANG_WARN_OBJC_IMPLICIT_RETAIN_SELF = YES;
				CLANG_WARN_OBJC_LITERAL_CONVERSION = YES;
				CLANG_WARN_OBJC_ROOT_CLASS = YES_ERROR;
				CLANG_WARN_QUOTED_INCLUDE_IN_FRAMEWORK_HEADER = YES;
				CLANG_WARN_RANGE_LOOP_ANALYSIS = YES;
				CLANG_WARN_STRICT_PROTOTYPES = YES;
				CLANG_WARN_SUSPICIOUS_MOVE = YES;
				CLANG_WARN_UNGUARDED_AVAILABILITY = YES_AGGRESSIVE;
				CLANG_WARN_UNREACHABLE_CODE = YES;
				CLANG_WARN__DUPLICATE_METHOD_MATCH = YES;
				CODE_SIGN_IDENTITY = "iPhone Developer";
				COPY_PHASE_STRIP = NO;
				DEBUG_INFORMATION_FORMAT = dwarf;
				ENABLE_STRICT_OBJC_MSGSEND = YES;
				ENABLE_TESTABILITY = YES;
				GCC_C_LANGUAGE_STANDARD = gnu11;
				GCC_DYNAMIC_NO_PIC = NO;
				GCC_NO_COMMON_BLOCKS = YES;
				GCC_OPTIMIZATION_LEVEL = 0;
				GCC_PREPROCESSOR_DEFINITIONS = (
					"DEBUG=1",
					"$(inherited)",
				);
				GCC_WARN_64_TO_32_BIT_CONVERSION = YES;
				GCC_WARN_ABOUT_RETURN_TYPE = YES_ERROR;
				GCC_WARN_UNDECLARED_SELECTOR = YES;
				GCC_WARN_UNINITIALIZED_AUTOS = YES_AGGRESSIVE;
				GCC_WARN_UNUSED_FUNCTION = YES;
				GCC_WARN_UNUSED_VARIABLE = YES;
				IPHONEOS_DEPLOYMENT_TARGET = 13.0;
				MTL_ENABLE_DEBUG_INFO = INCLUDE_SOURCE;
				MTL_FAST_MATH = YES;
				ONLY_ACTIVE_ARCH = YES;
				SDKROOT = iphoneos;
				SWIFT_ACTIVE_COMPILATION_CONDITIONS = DEBUG;
				SWIFT_OPTIMIZATION_LEVEL = "-Onone";
			};
			name = Debug;
		};
		D8B0E55E21CD6AC20005B871 /* Release */ = {
			isa = XCBuildConfiguration;
			buildSettings = {
				ALWAYS_SEARCH_USER_PATHS = NO;
				CLANG_ANALYZER_NONNULL = YES;
				CLANG_ANALYZER_NUMBER_OBJECT_CONVERSION = YES_AGGRESSIVE;
				CLANG_CXX_LANGUAGE_STANDARD = "gnu++14";
				CLANG_CXX_LIBRARY = "libc++";
				CLANG_ENABLE_MODULES = YES;
				CLANG_ENABLE_OBJC_ARC = YES;
				CLANG_ENABLE_OBJC_WEAK = YES;
				CLANG_WARN_BLOCK_CAPTURE_AUTORELEASING = YES;
				CLANG_WARN_BOOL_CONVERSION = YES;
				CLANG_WARN_COMMA = YES;
				CLANG_WARN_CONSTANT_CONVERSION = YES;
				CLANG_WARN_DEPRECATED_OBJC_IMPLEMENTATIONS = YES;
				CLANG_WARN_DIRECT_OBJC_ISA_USAGE = YES_ERROR;
				CLANG_WARN_DOCUMENTATION_COMMENTS = YES;
				CLANG_WARN_EMPTY_BODY = YES;
				CLANG_WARN_ENUM_CONVERSION = YES;
				CLANG_WARN_INFINITE_RECURSION = YES;
				CLANG_WARN_INT_CONVERSION = YES;
				CLANG_WARN_NON_LITERAL_NULL_CONVERSION = YES;
				CLANG_WARN_OBJC_IMPLICIT_RETAIN_SELF = YES;
				CLANG_WARN_OBJC_LITERAL_CONVERSION = YES;
				CLANG_WARN_OBJC_ROOT_CLASS = YES_ERROR;
				CLANG_WARN_QUOTED_INCLUDE_IN_FRAMEWORK_HEADER = YES;
				CLANG_WARN_RANGE_LOOP_ANALYSIS = YES;
				CLANG_WARN_STRICT_PROTOTYPES = YES;
				CLANG_WARN_SUSPICIOUS_MOVE = YES;
				CLANG_WARN_UNGUARDED_AVAILABILITY = YES_AGGRESSIVE;
				CLANG_WARN_UNREACHABLE_CODE = YES;
				CLANG_WARN__DUPLICATE_METHOD_MATCH = YES;
				CODE_SIGN_IDENTITY = "iPhone Developer";
				COPY_PHASE_STRIP = NO;
				DEBUG_INFORMATION_FORMAT = "dwarf-with-dsym";
				ENABLE_NS_ASSERTIONS = NO;
				ENABLE_STRICT_OBJC_MSGSEND = YES;
				GCC_C_LANGUAGE_STANDARD = gnu11;
				GCC_NO_COMMON_BLOCKS = YES;
				GCC_WARN_64_TO_32_BIT_CONVERSION = YES;
				GCC_WARN_ABOUT_RETURN_TYPE = YES_ERROR;
				GCC_WARN_UNDECLARED_SELECTOR = YES;
				GCC_WARN_UNINITIALIZED_AUTOS = YES_AGGRESSIVE;
				GCC_WARN_UNUSED_FUNCTION = YES;
				GCC_WARN_UNUSED_VARIABLE = YES;
				IPHONEOS_DEPLOYMENT_TARGET = 13.0;
				MTL_ENABLE_DEBUG_INFO = NO;
				MTL_FAST_MATH = YES;
				SDKROOT = iphoneos;
				SWIFT_COMPILATION_MODE = wholemodule;
				SWIFT_OPTIMIZATION_LEVEL = "-O";
				VALIDATE_PRODUCT = YES;
			};
			name = Release;
		};
		D8B0E56021CD6AC20005B871 /* Debug */ = {
			isa = XCBuildConfiguration;
			buildSettings = {
				ASSETCATALOG_COMPILER_APPICON_NAME = AppIcon;
				CODE_SIGN_STYLE = Automatic;
				FRAMEWORK_SEARCH_PATHS = (
					"$(inherited)",
					"$(PROJECT_DIR)/Carthage/Build",
				);
				INFOPLIST_FILE = RandomUser/Info.plist;
				LD_RUNPATH_SEARCH_PATHS = (
					"$(inherited)",
					"@executable_path/Frameworks",
				);
				PRODUCT_BUNDLE_IDENTIFIER = pl.matoszko.RandomUser;
				PRODUCT_NAME = "$(TARGET_NAME)";
				SWIFT_VERSION = 5.0;
				TARGETED_DEVICE_FAMILY = 1;
			};
			name = Debug;
		};
		D8B0E56121CD6AC20005B871 /* Release */ = {
			isa = XCBuildConfiguration;
			buildSettings = {
				ASSETCATALOG_COMPILER_APPICON_NAME = AppIcon;
				CODE_SIGN_STYLE = Automatic;
				FRAMEWORK_SEARCH_PATHS = (
					"$(inherited)",
					"$(PROJECT_DIR)/Carthage/Build",
				);
				INFOPLIST_FILE = RandomUser/Info.plist;
				LD_RUNPATH_SEARCH_PATHS = (
					"$(inherited)",
					"@executable_path/Frameworks",
				);
				PRODUCT_BUNDLE_IDENTIFIER = pl.matoszko.RandomUser;
				PRODUCT_NAME = "$(TARGET_NAME)";
				SWIFT_VERSION = 5.0;
				TARGETED_DEVICE_FAMILY = 1;
			};
			name = Release;
		};
		D8B0E56321CD6AC20005B871 /* Debug */ = {
			isa = XCBuildConfiguration;
			buildSettings = {
				ALWAYS_EMBED_SWIFT_STANDARD_LIBRARIES = YES;
				BUNDLE_LOADER = "$(TEST_HOST)";
				CODE_SIGN_STYLE = Automatic;
				FRAMEWORK_SEARCH_PATHS = (
					"$(inherited)",
					"$(PROJECT_DIR)/Carthage/Build",
				);
				INFOPLIST_FILE = RandomUserTests/Info.plist;
				LD_RUNPATH_SEARCH_PATHS = (
					"$(inherited)",
					"@executable_path/Frameworks",
					"@loader_path/Frameworks",
				);
				PRODUCT_BUNDLE_IDENTIFIER = pl.matoszko.RandomUserTests;
				PRODUCT_NAME = "$(TARGET_NAME)";
				SWIFT_VERSION = 5.0;
				TARGETED_DEVICE_FAMILY = "1,2";
				TEST_HOST = "$(BUILT_PRODUCTS_DIR)/RandomUser.app/RandomUser";
			};
			name = Debug;
		};
		D8B0E56421CD6AC20005B871 /* Release */ = {
			isa = XCBuildConfiguration;
			buildSettings = {
				ALWAYS_EMBED_SWIFT_STANDARD_LIBRARIES = YES;
				BUNDLE_LOADER = "$(TEST_HOST)";
				CODE_SIGN_STYLE = Automatic;
				FRAMEWORK_SEARCH_PATHS = (
					"$(inherited)",
					"$(PROJECT_DIR)/Carthage/Build",
				);
				INFOPLIST_FILE = RandomUserTests/Info.plist;
				LD_RUNPATH_SEARCH_PATHS = (
					"$(inherited)",
					"@executable_path/Frameworks",
					"@loader_path/Frameworks",
				);
				PRODUCT_BUNDLE_IDENTIFIER = pl.matoszko.RandomUserTests;
				PRODUCT_NAME = "$(TARGET_NAME)";
				SWIFT_VERSION = 5.0;
				TARGETED_DEVICE_FAMILY = "1,2";
				TEST_HOST = "$(BUILT_PRODUCTS_DIR)/RandomUser.app/RandomUser";
			};
			name = Release;
		};
		D8B0E56621CD6AC20005B871 /* Debug */ = {
			isa = XCBuildConfiguration;
			buildSettings = {
				ALWAYS_EMBED_SWIFT_STANDARD_LIBRARIES = YES;
				CODE_SIGN_STYLE = Automatic;
				INFOPLIST_FILE = RandomUserUITests/Info.plist;
				LD_RUNPATH_SEARCH_PATHS = (
					"$(inherited)",
					"@executable_path/Frameworks",
					"@loader_path/Frameworks",
				);
				PRODUCT_BUNDLE_IDENTIFIER = pl.matoszko.RandomUserUITests;
				PRODUCT_NAME = "$(TARGET_NAME)";
				SWIFT_VERSION = 5.0;
				TARGETED_DEVICE_FAMILY = "1,2";
				TEST_TARGET_NAME = RandomUser;
			};
			name = Debug;
		};
		D8B0E56721CD6AC20005B871 /* Release */ = {
			isa = XCBuildConfiguration;
			buildSettings = {
				ALWAYS_EMBED_SWIFT_STANDARD_LIBRARIES = YES;
				CODE_SIGN_STYLE = Automatic;
				INFOPLIST_FILE = RandomUserUITests/Info.plist;
				LD_RUNPATH_SEARCH_PATHS = (
					"$(inherited)",
					"@executable_path/Frameworks",
					"@loader_path/Frameworks",
				);
				PRODUCT_BUNDLE_IDENTIFIER = pl.matoszko.RandomUserUITests;
				PRODUCT_NAME = "$(TARGET_NAME)";
				SWIFT_VERSION = 5.0;
				TARGETED_DEVICE_FAMILY = "1,2";
				TEST_TARGET_NAME = RandomUser;
			};
			name = Release;
		};
/* End XCBuildConfiguration section */

/* Begin XCConfigurationList section */
		D8B0E52F21CD6AC00005B871 /* Build configuration list for PBXProject "RandomUser" */ = {
			isa = XCConfigurationList;
			buildConfigurations = (
				D8B0E55D21CD6AC20005B871 /* Debug */,
				D8B0E55E21CD6AC20005B871 /* Release */,
			);
			defaultConfigurationIsVisible = 0;
			defaultConfigurationName = Release;
		};
		D8B0E55F21CD6AC20005B871 /* Build configuration list for PBXNativeTarget "RandomUser" */ = {
			isa = XCConfigurationList;
			buildConfigurations = (
				D8B0E56021CD6AC20005B871 /* Debug */,
				D8B0E56121CD6AC20005B871 /* Release */,
			);
			defaultConfigurationIsVisible = 0;
			defaultConfigurationName = Release;
		};
		D8B0E56221CD6AC20005B871 /* Build configuration list for PBXNativeTarget "RandomUserTests" */ = {
			isa = XCConfigurationList;
			buildConfigurations = (
				D8B0E56321CD6AC20005B871 /* Debug */,
				D8B0E56421CD6AC20005B871 /* Release */,
			);
			defaultConfigurationIsVisible = 0;
			defaultConfigurationName = Release;
		};
		D8B0E56521CD6AC20005B871 /* Build configuration list for PBXNativeTarget "RandomUserUITests" */ = {
			isa = XCConfigurationList;
			buildConfigurations = (
				D8B0E56621CD6AC20005B871 /* Debug */,
				D8B0E56721CD6AC20005B871 /* Release */,
			);
			defaultConfigurationIsVisible = 0;
			defaultConfigurationName = Release;
		};
/* End XCConfigurationList section */

/* Begin XCVersionGroup section */
		D8B0E53E21CD6AC00005B871 /* RandomUser.xcdatamodeld */ = {
			isa = XCVersionGroup;
			children = (
				D8B0E53F21CD6AC00005B871 /* RandomUser.xcdatamodel */,
			);
			currentVersion = D8B0E53F21CD6AC00005B871 /* RandomUser.xcdatamodel */;
			path = RandomUser.xcdatamodeld;
			sourceTree = "<group>";
			versionGroupType = wrapper.xcdatamodel;
		};
/* End XCVersionGroup section */
	};
	rootObject = D8B0E52C21CD6AC00005B871 /* Project object */;
}
